
Microsoft Visual Studio Solution File, Format Version 12.00
# Visual Studio Version 17
VisualStudioVersion = 17.4.33205.214
MinimumVisualStudioVersion = 10.0.40219.1
Project("{FAE04EC0-301F-11D3-BF4B-00C04F79EFBC}") = "Library.WebUI", "Library.WebUI\Library.WebUI.csproj", "{823A5A11-13B5-457D-90B7-854B9B7EFF98}"
EndProject
Project("{FAE04EC0-301F-11D3-BF4B-00C04F79EFBC}") = "Library.Contracts", "Library.Contracts\Library.Contracts.csproj", "{1C39AD0C-CBAA-46BC-8489-FFD8074D6D7F}"
EndProject
Project("{FAE04EC0-301F-11D3-BF4B-00C04F79EFBC}") = "Library.Persistence", "Library.Persistence\Library.Persistence.csproj", "{B51646D5-D675-40F2-A1C2-26BFC075249A}"
EndProject
Project("{FAE04EC0-301F-11D3-BF4B-00C04F79EFBC}") = "Library.Domain", "Library.Domain\Library.Domain.csproj", "{A82E953D-2FF9-4A78-B4DD-4B1EEF4AB732}"
EndProject
Project("{FAE04EC0-301F-11D3-BF4B-00C04F79EFBC}") = "Library.Application", "Library.Application\Library.Application.csproj", "{6EDED815-1342-4D63-B658-A510FFECA8E6}"
EndProject
Project("{FAE04EC0-301F-11D3-BF4B-00C04F79EFBC}") = "Library.Infrastructure", "Library.Infrastructure\Library.Infrastructure.csproj", "{DDD0FD92-C911-4A26-8012-6AC9841D704B}"
EndProject
Global
	GlobalSection(SolutionConfigurationPlatforms) = preSolution
		Debug|Any CPU = Debug|Any CPU
		Release|Any CPU = Release|Any CPU
	EndGlobalSection
	GlobalSection(ProjectConfigurationPlatforms) = postSolution
		{823A5A11-13B5-457D-90B7-854B9B7EFF98}.Debug|Any CPU.ActiveCfg = Debug|Any CPU
		{823A5A11-13B5-457D-90B7-854B9B7EFF98}.Debug|Any CPU.Build.0 = Debug|Any CPU
		{823A5A11-13B5-457D-90B7-854B9B7EFF98}.Release|Any CPU.ActiveCfg = Release|Any CPU
		{823A5A11-13B5-457D-90B7-854B9B7EFF98}.Release|Any CPU.Build.0 = Release|Any CPU
		{1C39AD0C-CBAA-46BC-8489-FFD8074D6D7F}.Debug|Any CPU.ActiveCfg = Debug|Any CPU
		{1C39AD0C-CBAA-46BC-8489-FFD8074D6D7F}.Debug|Any CPU.Build.0 = Debug|Any CPU
		{1C39AD0C-CBAA-46BC-8489-FFD8074D6D7F}.Release|Any CPU.ActiveCfg = Release|Any CPU
		{1C39AD0C-CBAA-46BC-8489-FFD8074D6D7F}.Release|Any CPU.Build.0 = Release|Any CPU
		{B51646D5-D675-40F2-A1C2-26BFC075249A}.Debug|Any CPU.ActiveCfg = Debug|Any CPU
		{B51646D5-D675-40F2-A1C2-26BFC075249A}.Debug|Any CPU.Build.0 = Debug|Any CPU
		{B51646D5-D675-40F2-A1C2-26BFC075249A}.Release|Any CPU.ActiveCfg = Release|Any CPU
		{B51646D5-D675-40F2-A1C2-26BFC075249A}.Release|Any CPU.Build.0 = Release|Any CPU
		{A82E953D-2FF9-4A78-B4DD-4B1EEF4AB732}.Debug|Any CPU.ActiveCfg = Debug|Any CPU
		{A82E953D-2FF9-4A78-B4DD-4B1EEF4AB732}.Debug|Any CPU.Build.0 = Debug|Any CPU
		{A82E953D-2FF9-4A78-B4DD-4B1EEF4AB732}.Release|Any CPU.ActiveCfg = Release|Any CPU
		{A82E953D-2FF9-4A78-B4DD-4B1EEF4AB732}.Release|Any CPU.Build.0 = Release|Any CPU
		{6EDED815-1342-4D63-B658-A510FFECA8E6}.Debug|Any CPU.ActiveCfg = Debug|Any CPU
		{6EDED815-1342-4D63-B658-A510FFECA8E6}.Debug|Any CPU.Build.0 = Debug|Any CPU
		{6EDED815-1342-4D63-B658-A510FFECA8E6}.Release|Any CPU.ActiveCfg = Release|Any CPU
		{6EDED815-1342-4D63-B658-A510FFECA8E6}.Release|Any CPU.Build.0 = Release|Any CPU
		{DDD0FD92-C911-4A26-8012-6AC9841D704B}.Debug|Any CPU.ActiveCfg = Debug|Any CPU
		{DDD0FD92-C911-4A26-8012-6AC9841D704B}.Debug|Any CPU.Build.0 = Debug|Any CPU
		{DDD0FD92-C911-4A26-8012-6AC9841D704B}.Release|Any CPU.ActiveCfg = Release|Any CPU
		{DDD0FD92-C911-4A26-8012-6AC9841D704B}.Release|Any CPU.Build.0 = Release|Any CPU
	EndGlobalSection
	GlobalSection(SolutionProperties) = preSolution
		HideSolutionNode = FALSE
	EndGlobalSection
	GlobalSection(ExtensibilityGlobals) = postSolution
		SolutionGuid = {B4F774C4-365E-4FC3-A97B-43A8ED06F776}
	EndGlobalSection
EndGlobal
